
Microsoft Visual Studio Solution File, Format Version 12.00
# Visual Studio 2013
VisualStudioVersion = 12.0.30501.0
MinimumVisualStudioVersion = 10.0.40219.1
Project("{FAE04EC0-301F-11D3-BF4B-00C04F79EFBC}") = "Template", "Template.csproj", "{03B86E0B-6B26-451D-A18C-3C5A118B23F6}"
EndProject
Project("{2150E333-8FDC-42A3-9474-1A3956D46DE8}") = ".nuget", ".nuget", "{291A85B9-423D-40EF-B3E0-03EFE9B82032}"
	ProjectSection(SolutionItems) = preProject
		.nuget\packages.config = .nuget\packages.config
	EndProjectSection
EndProject
Global
	GlobalSection(SolutionConfigurationPlatforms) = preSolution
		Debug|Any CPU = Debug|Any CPU
		Release|Any CPU = Release|Any CPU
	EndGlobalSection
	GlobalSection(ProjectConfigurationPlatforms) = postSolution
		{03B86E0B-6B26-451D-A18C-3C5A118B23F6}.Debug|Any CPU.ActiveCfg = Debug|Any CPU
		{03B86E0B-6B26-451D-A18C-3C5A118B23F6}.Debug|Any CPU.Build.0 = Debug|Any CPU
		{03B86E0B-6B26-451D-A18C-3C5A118B23F6}.Release|Any CPU.ActiveCfg = Release|Any CPU
		{03B86E0B-6B26-451D-A18C-3C5A118B23F6}.Release|Any CPU.Build.0 = Release|Any CPU
	EndGlobalSection
	GlobalSection(SolutionProperties) = preSolution
		HideSolutionNode = FALSE
	EndGlobalSection
EndGlobal
